{
  "name": "node-ytt",
  "version": "1.0.3",
  "lockfileVersion": 3,
  "requires": true,
  "packages": {
    "": {
      "name": "node-ytt",
      "version": "1.0.3",
      "license": "MIT",
      "dependencies": {
        "chrono-node": "2.7.6"
      }
    },
    "node_modules/chrono-node": {
      "version": "2.7.6",
      "resolved": "https://registry.npmjs.org/chrono-node/-/chrono-node-2.7.6.tgz",
      "integrity": "sha512-yugKSRLHc6B6kXxm/DwNc94zhaddAjCSO9IOGH3w7NIWNM+gUoLl/2/XLndiw4I+XhU4H2LOhC5Ab2JjS6JWsA==",
      "dependencies": {
        "dayjs": "^1.10.0"
      },
      "engines": {
        "node": "^12.20.0 || ^14.13.1 || >=16.0.0"
      }
    },
    "node_modules/dayjs": {
      "version": "1.11.11",
      "resolved": "https://registry.npmjs.org/dayjs/-/dayjs-1.11.11.tgz",
      "integrity": "sha512-okzr3f11N6WuqYtZSvm+F776mB41wRZMhKP+hc34YdW+KmtYYK9iqvHSwo2k9FEH3fhGXvOPV6yz2IcSrfRUDg=="
    }
  }
}
