{
  "name": "node-ytt",
  "version": "1.0.3",
  "lockfileVersion": 1,
  "requires": true,
  "dependencies": {
    "chrono-node": {
      "version": "2.2.4",
      "resolved": "https://registry.npmjs.org/chrono-node/-/chrono-node-2.2.4.tgz",
      "integrity": "sha512-58ERHGfWtWzBxckF9ZyFuwJjcreLDr7C79lHEynSqZ7J8y1JfMa8ok1TvCCf/TOZmkGME1ZSaEEb0DqqWaNFHg==",
      "requires": {
        "dayjs": "^1.10.0"
      }
    },
    "dayjs": {
      "version": "1.10.4",
      "resolved": "https://registry.npmjs.org/dayjs/-/dayjs-1.10.4.tgz",
      "integrity": "sha512-RI/Hh4kqRc1UKLOAf/T5zdMMX5DQIlDxwUe3wSyMMnEbGunnpENCdbUgM+dW7kXidZqCttBrmw7BhN4TMddkCw=="
    }
  }
}
