{
  "name": "node-ytt",
  "version": "1.0.0",
  "lockfileVersion": 1,
  "requires": true,
  "dependencies": {
    "chrono-node": {
      "version": "1.4.5",
      "resolved": "https://registry.npmjs.org/chrono-node/-/chrono-node-1.4.5.tgz",
      "integrity": "sha512-0QDtWS1TOS/DKj2C3dPmklaWWGjH9JbVDwP8Ipvl97cNoCyD5cnyTmZs3+wN0rrCl99h92Q2As/rYVZjtF+ZzQ==",
      "requires": {
        "dayjs": "^1.8.19"
      }
    },
    "dayjs": {
      "version": "1.8.24",
      "resolved": "https://registry.npmjs.org/dayjs/-/dayjs-1.8.24.tgz",
      "integrity": "sha512-bImQZbBv86zcOWOq6fLg7r4aqMx8fScdmykA7cSh+gH1Yh8AM0Dbw0gHYrsOrza6oBBnkK+/OaR+UAa9UsMrDw=="
    }
  }
}
